Microsoft Visual Studio Solution File, Format Version 12.00
# Visual Studio Version 17
VisualStudioVersion = 17.5.2.0
MinimumVisualStudioVersion = 10.0.40219.1
Project("{FAE04EC0-301F-11D3-BF4B-00C04F79EFBC}") = "AppleStore", "AppleStore.csproj", "{F73597B3-B8E6-621D-93C2-0F10326EF69C}"
EndProject
Global
	GlobalSection(SolutionConfigurationPlatforms) = preSolution
		Debug|Any CPU = Debug|Any CPU
		Release|Any CPU = Release|Any CPU
	EndGlobalSection
	GlobalSection(ProjectConfigurationPlatforms) = postSolution
		{F73597B3-B8E6-621D-93C2-0F10326EF69C}.Debug|Any CPU.ActiveCfg = Debug|Any CPU
		{F73597B3-B8E6-621D-93C2-0F10326EF69C}.Debug|Any CPU.Build.0 = Debug|Any CPU
		{F73597B3-B8E6-621D-93C2-0F10326EF69C}.Release|Any CPU.ActiveCfg = Release|Any CPU
		{F73597B3-B8E6-621D-93C2-0F10326EF69C}.Release|Any CPU.Build.0 = Release|Any CPU
	EndGlobalSection
	GlobalSection(SolutionProperties) = preSolution
		HideSolutionNode = FALSE
	EndGlobalSection
	GlobalSection(ExtensibilityGlobals) = postSolution
		SolutionGuid = {900F3BF9-31C5-43F3-97F8-83B34DC30D32}
	EndGlobalSection
EndGlobal
